
Microsoft Visual Studio Solution File, Format Version 12.00
# Visual Studio Version 17
VisualStudioVersion = 17.14.36414.22 d17.14
MinimumVisualStudioVersion = 10.0.40219.1
Project("{FAE04EC0-301F-11D3-BF4B-00C04F79EFBC}") = "Projeto-Simples", "Projeto-Simples\Projeto-Simples.csproj", "{A7B74036-7332-4E35-BE14-C2E33AAF433D}"
EndProject
Global
	GlobalSection(SolutionConfigurationPlatforms) = preSolution
		Debug|Any CPU = Debug|Any CPU
		Release|Any CPU = Release|Any CPU
	EndGlobalSection
	GlobalSection(ProjectConfigurationPlatforms) = postSolution
		{A7B74036-7332-4E35-BE14-C2E33AAF433D}.Debug|Any CPU.ActiveCfg = Debug|Any CPU
		{A7B74036-7332-4E35-BE14-C2E33AAF433D}.Debug|Any CPU.Build.0 = Debug|Any CPU
		{A7B74036-7332-4E35-BE14-C2E33AAF433D}.Release|Any CPU.ActiveCfg = Release|Any CPU
		{A7B74036-7332-4E35-BE14-C2E33AAF433D}.Release|Any CPU.Build.0 = Release|Any CPU
	EndGlobalSection
	GlobalSection(SolutionProperties) = preSolution
		HideSolutionNode = FALSE
	EndGlobalSection
	GlobalSection(ExtensibilityGlobals) = postSolution
		SolutionGuid = {F410AE5F-17C3-45EC-8A95-82C2603AF1F9}
	EndGlobalSection
EndGlobal
