
Microsoft Visual Studio Solution File, Format Version 12.00
# Visual Studio Version 17
VisualStudioVersion = 17.14.36429.23 d17.14
MinimumVisualStudioVersion = 10.0.40219.1
Project("{FAE04EC0-301F-11D3-BF4B-00C04F79EFBC}") = "ex9", "ex9\ex9.csproj", "{79F4A598-C30E-43EC-9EA3-17B3144D99A2}"
EndProject
Global
	GlobalSection(SolutionConfigurationPlatforms) = preSolution
		Debug|Any CPU = Debug|Any CPU
		Release|Any CPU = Release|Any CPU
	EndGlobalSection
	GlobalSection(ProjectConfigurationPlatforms) = postSolution
		{79F4A598-C30E-43EC-9EA3-17B3144D99A2}.Debug|Any CPU.ActiveCfg = Debug|Any CPU
		{79F4A598-C30E-43EC-9EA3-17B3144D99A2}.Debug|Any CPU.Build.0 = Debug|Any CPU
		{79F4A598-C30E-43EC-9EA3-17B3144D99A2}.Release|Any CPU.ActiveCfg = Release|Any CPU
		{79F4A598-C30E-43EC-9EA3-17B3144D99A2}.Release|Any CPU.Build.0 = Release|Any CPU
	EndGlobalSection
	GlobalSection(SolutionProperties) = preSolution
		HideSolutionNode = FALSE
	EndGlobalSection
	GlobalSection(ExtensibilityGlobals) = postSolution
		SolutionGuid = {14D47EF4-58E9-409C-B07E-EFF425B7E1C0}
	EndGlobalSection
EndGlobal
