
Microsoft Visual Studio Solution File, Format Version 12.00
# Visual Studio Version 17
VisualStudioVersion = 17.14.36429.23 d17.14
MinimumVisualStudioVersion = 10.0.40219.1
Project("{FAE04EC0-301F-11D3-BF4B-00C04F79EFBC}") = "CalculadoraTemperatura", "CalculadoraTemperatura\CalculadoraTemperatura.csproj", "{F629E137-848D-4A7E-ADD7-670B9C50A7B9}"
EndProject
Global
	GlobalSection(SolutionConfigurationPlatforms) = preSolution
		Debug|Any CPU = Debug|Any CPU
		Release|Any CPU = Release|Any CPU
	EndGlobalSection
	GlobalSection(ProjectConfigurationPlatforms) = postSolution
		{F629E137-848D-4A7E-ADD7-670B9C50A7B9}.Debug|Any CPU.ActiveCfg = Debug|Any CPU
		{F629E137-848D-4A7E-ADD7-670B9C50A7B9}.Debug|Any CPU.Build.0 = Debug|Any CPU
		{F629E137-848D-4A7E-ADD7-670B9C50A7B9}.Release|Any CPU.ActiveCfg = Release|Any CPU
		{F629E137-848D-4A7E-ADD7-670B9C50A7B9}.Release|Any CPU.Build.0 = Release|Any CPU
	EndGlobalSection
	GlobalSection(SolutionProperties) = preSolution
		HideSolutionNode = FALSE
	EndGlobalSection
	GlobalSection(ExtensibilityGlobals) = postSolution
		SolutionGuid = {34355792-1436-4377-A395-D25BEB8DCE5A}
	EndGlobalSection
EndGlobal
