
Microsoft Visual Studio Solution File, Format Version 12.00
# Visual Studio Version 17
VisualStudioVersion = 17.14.36429.23 d17.14
MinimumVisualStudioVersion = 10.0.40219.1
Project("{FAE04EC0-301F-11D3-BF4B-00C04F79EFBC}") = "ex3", "ex3\ex3.csproj", "{2BF9CB3E-891D-4040-A05B-E2C782509B13}"
EndProject
Global
	GlobalSection(SolutionConfigurationPlatforms) = preSolution
		Debug|Any CPU = Debug|Any CPU
		Release|Any CPU = Release|Any CPU
	EndGlobalSection
	GlobalSection(ProjectConfigurationPlatforms) = postSolution
		{2BF9CB3E-891D-4040-A05B-E2C782509B13}.Debug|Any CPU.ActiveCfg = Debug|Any CPU
		{2BF9CB3E-891D-4040-A05B-E2C782509B13}.Debug|Any CPU.Build.0 = Debug|Any CPU
		{2BF9CB3E-891D-4040-A05B-E2C782509B13}.Release|Any CPU.ActiveCfg = Release|Any CPU
		{2BF9CB3E-891D-4040-A05B-E2C782509B13}.Release|Any CPU.Build.0 = Release|Any CPU
	EndGlobalSection
	GlobalSection(SolutionProperties) = preSolution
		HideSolutionNode = FALSE
	EndGlobalSection
	GlobalSection(ExtensibilityGlobals) = postSolution
		SolutionGuid = {734B0661-5035-44C1-923D-5195B376B06C}
	EndGlobalSection
EndGlobal
