
Microsoft Visual Studio Solution File, Format Version 12.00
# Visual Studio Version 17
VisualStudioVersion = 17.14.36429.23 d17.14
MinimumVisualStudioVersion = 10.0.40219.1
Project("{FAE04EC0-301F-11D3-BF4B-00C04F79EFBC}") = "JogodaVelha", "JogodaVelha.csproj", "{7E947694-EF9B-4B7D-9BEC-BB352AEEB85D}"
EndProject
Global
	GlobalSection(SolutionConfigurationPlatforms) = preSolution
		Debug|Any CPU = Debug|Any CPU
		Release|Any CPU = Release|Any CPU
	EndGlobalSection
	GlobalSection(ProjectConfigurationPlatforms) = postSolution
		{7E947694-EF9B-4B7D-9BEC-BB352AEEB85D}.Debug|Any CPU.ActiveCfg = Debug|Any CPU
		{7E947694-EF9B-4B7D-9BEC-BB352AEEB85D}.Debug|Any CPU.Build.0 = Debug|Any CPU
		{7E947694-EF9B-4B7D-9BEC-BB352AEEB85D}.Release|Any CPU.ActiveCfg = Release|Any CPU
		{7E947694-EF9B-4B7D-9BEC-BB352AEEB85D}.Release|Any CPU.Build.0 = Release|Any CPU
	EndGlobalSection
	GlobalSection(SolutionProperties) = preSolution
		HideSolutionNode = FALSE
	EndGlobalSection
	GlobalSection(ExtensibilityGlobals) = postSolution
		SolutionGuid = {954AAE7B-591E-420A-B467-ED69A9F78117}
	EndGlobalSection
EndGlobal
